
Microsoft Visual Studio Solution File, Format Version 12.00
# Visual Studio 2013
VisualStudioVersion = 12.0.21005.1
MinimumVisualStudioVersion = 10.0.40219.1
Project("{FAE04EC0-301F-11D3-BF4B-00C04F79EFBC}") = "Planit", "Planit\Planit.csproj", "{235F5784-2D0B-4BB7-BB97-03F362341BEF}"
EndProject
Project("{FAE04EC0-301F-11D3-BF4B-00C04F79EFBC}") = "Planit.Tests", "Planit.Tests\Planit.Tests.csproj", "{75DCD666-FCD8-45F3-9092-EFD5B7B107AE}"
EndProject
Project("{FAE04EC0-301F-11D3-BF4B-00C04F79EFBC}") = "Planit.Core", "Planit.Core\Planit.Core.csproj", "{11D469DE-A29E-43BA-80A8-82035BFDED4B}"
EndProject
Global
	GlobalSection(SolutionConfigurationPlatforms) = preSolution
		Debug|Any CPU = Debug|Any CPU
		Release|Any CPU = Release|Any CPU
	EndGlobalSection
	GlobalSection(ProjectConfigurationPlatforms) = postSolution
		{235F5784-2D0B-4BB7-BB97-03F362341BEF}.Debug|Any CPU.ActiveCfg = Debug|Any CPU
		{235F5784-2D0B-4BB7-BB97-03F362341BEF}.Debug|Any CPU.Build.0 = Debug|Any CPU
		{235F5784-2D0B-4BB7-BB97-03F362341BEF}.Release|Any CPU.ActiveCfg = Release|Any CPU
		{235F5784-2D0B-4BB7-BB97-03F362341BEF}.Release|Any CPU.Build.0 = Release|Any CPU
		{75DCD666-FCD8-45F3-9092-EFD5B7B107AE}.Debug|Any CPU.ActiveCfg = Debug|Any CPU
		{75DCD666-FCD8-45F3-9092-EFD5B7B107AE}.Debug|Any CPU.Build.0 = Debug|Any CPU
		{75DCD666-FCD8-45F3-9092-EFD5B7B107AE}.Release|Any CPU.ActiveCfg = Release|Any CPU
		{75DCD666-FCD8-45F3-9092-EFD5B7B107AE}.Release|Any CPU.Build.0 = Release|Any CPU
		{11D469DE-A29E-43BA-80A8-82035BFDED4B}.Debug|Any CPU.ActiveCfg = Debug|Any CPU
		{11D469DE-A29E-43BA-80A8-82035BFDED4B}.Debug|Any CPU.Build.0 = Debug|Any CPU
		{11D469DE-A29E-43BA-80A8-82035BFDED4B}.Release|Any CPU.ActiveCfg = Release|Any CPU
		{11D469DE-A29E-43BA-80A8-82035BFDED4B}.Release|Any CPU.Build.0 = Release|Any CPU
	EndGlobalSection
	GlobalSection(SolutionProperties) = preSolution
		HideSolutionNode = FALSE
	EndGlobalSection
EndGlobal
